
Microsoft Visual Studio Solution File, Format Version 12.00
# Visual Studio Version 17
VisualStudioVersion = 17.0.31903.59
MinimumVisualStudioVersion = 10.0.40219.1
Project("{FAE04EC0-301F-11D3-BF4B-00C04F79EFBC}") = "BlazorCMS.API", "BlazorCMS.API\BlazorCMS.API.csproj", "{33647F18-CF28-46B6-BBCB-3B647F1F4A0C}"
EndProject
Project("{FAE04EC0-301F-11D3-BF4B-00C04F79EFBC}") = "BlazorCMS.Data", "BlazorCMS.Data\BlazorCMS.Data.csproj", "{1F3B33A4-85B2-433B-A459-37929815517E}"
EndProject
Project("{FAE04EC0-301F-11D3-BF4B-00C04F79EFBC}") = "BlazorCMS.Infrastructure", "BlazorCMS.Infrastructure\BlazorCMS.Infrastructure.csproj", "{4EB5EEC9-FF6F-4BF3-959A-8880883A3CCB}"
EndProject
Project("{FAE04EC0-301F-11D3-BF4B-00C04F79EFBC}") = "BlazorCMS.Admin", "BlazorCMS.Admin\BlazorCMS.Admin.csproj", "{F35D8B14-9908-4B18-BAE9-37754E7205CD}"
EndProject
Project("{FAE04EC0-301F-11D3-BF4B-00C04F79EFBC}") = "BlazorCMS.Client", "BlazorCMS.Client\BlazorCMS.Client.csproj", "{2EA3CFCE-CA3F-4645-98B2-28B8503E6CB2}"
EndProject
Project("{FAE04EC0-301F-11D3-BF4B-00C04F79EFBC}") = "BlazorCMS.Shared", "BlazorCMS.Shared\BlazorCMS.Shared.csproj", "{311012C4-4D4C-4115-AD30-C46E7D13CE1A}"
EndProject
Project("{FAE04EC0-301F-11D3-BF4B-00C04F79EFBC}") = "BlazorCMS.UIComponents", "BlazorCMS.UIComponents\BlazorCMS.UIComponents.csproj", "{3805A8E8-CFC0-4862-BD44-56AA11B11B08}"
EndProject
Project("{FAE04EC0-301F-11D3-BF4B-00C04F79EFBC}") = "BlazorCMS.Host", "BlazorCMS.Host\BlazorCMS.Host.csproj", "{00D3614A-7ECB-44AE-A218-1A7457CE7B25}"
EndProject
Project("{2150E333-8FDC-42A3-9474-1A3956D46DE8}") = "Backend", "Backend", "{9BDFC8C4-4250-4469-80A5-8C6A2299A320}"
EndProject
Project("{2150E333-8FDC-42A3-9474-1A3956D46DE8}") = "Frontend", "Frontend", "{62B72318-B26A-4E28-AF4C-0A82DA41B2A6}"
EndProject
Project("{2150E333-8FDC-42A3-9474-1A3956D46DE8}") = "Shared", "Shared", "{45B7C098-CC84-4C92-8C8C-9E87C9AAA979}"
EndProject
Project("{2150E333-8FDC-42A3-9474-1A3956D46DE8}") = "Start", "Start", "{F219DD3F-A4B3-4FE8-A276-492541D40C59}"
EndProject
Project("{2150E333-8FDC-42A3-9474-1A3956D46DE8}") = "Resource", "Resource", "{11DA93C4-AFA0-4A28-BA32-46229A7E9D6F}"
	ProjectSection(SolutionItems) = preProject
		Readme.txt = Readme.txt
	EndProjectSection
EndProject
Project("{2150E333-8FDC-42A3-9474-1A3956D46DE8}") = "Test", "Test", "{8E796852-3CFE-47B2-8914-128E50D9128F}"
	ProjectSection(SolutionItems) = preProject
		Testing.txt = Testing.txt
	EndProjectSection
EndProject
Global
	GlobalSection(SolutionConfigurationPlatforms) = preSolution
		Debug|Any CPU = Debug|Any CPU
		Release|Any CPU = Release|Any CPU
	EndGlobalSection
	GlobalSection(ProjectConfigurationPlatforms) = postSolution
		{33647F18-CF28-46B6-BBCB-3B647F1F4A0C}.Debug|Any CPU.ActiveCfg = Debug|Any CPU
		{33647F18-CF28-46B6-BBCB-3B647F1F4A0C}.Debug|Any CPU.Build.0 = Debug|Any CPU
		{33647F18-CF28-46B6-BBCB-3B647F1F4A0C}.Release|Any CPU.ActiveCfg = Release|Any CPU
		{33647F18-CF28-46B6-BBCB-3B647F1F4A0C}.Release|Any CPU.Build.0 = Release|Any CPU
		{1F3B33A4-85B2-433B-A459-37929815517E}.Debug|Any CPU.ActiveCfg = Debug|Any CPU
		{1F3B33A4-85B2-433B-A459-37929815517E}.Debug|Any CPU.Build.0 = Debug|Any CPU
		{1F3B33A4-85B2-433B-A459-37929815517E}.Release|Any CPU.ActiveCfg = Release|Any CPU
		{1F3B33A4-85B2-433B-A459-37929815517E}.Release|Any CPU.Build.0 = Release|Any CPU
		{4EB5EEC9-FF6F-4BF3-959A-8880883A3CCB}.Debug|Any CPU.ActiveCfg = Debug|Any CPU
		{4EB5EEC9-FF6F-4BF3-959A-8880883A3CCB}.Debug|Any CPU.Build.0 = Debug|Any CPU
		{4EB5EEC9-FF6F-4BF3-959A-8880883A3CCB}.Release|Any CPU.ActiveCfg = Release|Any CPU
		{4EB5EEC9-FF6F-4BF3-959A-8880883A3CCB}.Release|Any CPU.Build.0 = Release|Any CPU
		{F35D8B14-9908-4B18-BAE9-37754E7205CD}.Debug|Any CPU.ActiveCfg = Debug|Any CPU
		{F35D8B14-9908-4B18-BAE9-37754E7205CD}.Debug|Any CPU.Build.0 = Debug|Any CPU
		{F35D8B14-9908-4B18-BAE9-37754E7205CD}.Release|Any CPU.ActiveCfg = Release|Any CPU
		{F35D8B14-9908-4B18-BAE9-37754E7205CD}.Release|Any CPU.Build.0 = Release|Any CPU
		{2EA3CFCE-CA3F-4645-98B2-28B8503E6CB2}.Debug|Any CPU.ActiveCfg = Debug|Any CPU
		{2EA3CFCE-CA3F-4645-98B2-28B8503E6CB2}.Debug|Any CPU.Build.0 = Debug|Any CPU
		{2EA3CFCE-CA3F-4645-98B2-28B8503E6CB2}.Release|Any CPU.ActiveCfg = Release|Any CPU
		{2EA3CFCE-CA3F-4645-98B2-28B8503E6CB2}.Release|Any CPU.Build.0 = Release|Any CPU
		{311012C4-4D4C-4115-AD30-C46E7D13CE1A}.Debug|Any CPU.ActiveCfg = Debug|Any CPU
		{311012C4-4D4C-4115-AD30-C46E7D13CE1A}.Debug|Any CPU.Build.0 = Debug|Any CPU
		{311012C4-4D4C-4115-AD30-C46E7D13CE1A}.Release|Any CPU.ActiveCfg = Release|Any CPU
		{311012C4-4D4C-4115-AD30-C46E7D13CE1A}.Release|Any CPU.Build.0 = Release|Any CPU
		{3805A8E8-CFC0-4862-BD44-56AA11B11B08}.Debug|Any CPU.ActiveCfg = Debug|Any CPU
		{3805A8E8-CFC0-4862-BD44-56AA11B11B08}.Debug|Any CPU.Build.0 = Debug|Any CPU
		{3805A8E8-CFC0-4862-BD44-56AA11B11B08}.Release|Any CPU.ActiveCfg = Release|Any CPU
		{3805A8E8-CFC0-4862-BD44-56AA11B11B08}.Release|Any CPU.Build.0 = Release|Any CPU
		{00D3614A-7ECB-44AE-A218-1A7457CE7B25}.Debug|Any CPU.ActiveCfg = Debug|Any CPU
		{00D3614A-7ECB-44AE-A218-1A7457CE7B25}.Debug|Any CPU.Build.0 = Debug|Any CPU
		{00D3614A-7ECB-44AE-A218-1A7457CE7B25}.Release|Any CPU.ActiveCfg = Release|Any CPU
		{00D3614A-7ECB-44AE-A218-1A7457CE7B25}.Release|Any CPU.Build.0 = Release|Any CPU
	EndGlobalSection
	GlobalSection(SolutionProperties) = preSolution
		HideSolutionNode = FALSE
	EndGlobalSection
	GlobalSection(NestedProjects) = preSolution
		{33647F18-CF28-46B6-BBCB-3B647F1F4A0C} = {9BDFC8C4-4250-4469-80A5-8C6A2299A320}
		{1F3B33A4-85B2-433B-A459-37929815517E} = {9BDFC8C4-4250-4469-80A5-8C6A2299A320}
		{4EB5EEC9-FF6F-4BF3-959A-8880883A3CCB} = {9BDFC8C4-4250-4469-80A5-8C6A2299A320}
		{F35D8B14-9908-4B18-BAE9-37754E7205CD} = {62B72318-B26A-4E28-AF4C-0A82DA41B2A6}
		{2EA3CFCE-CA3F-4645-98B2-28B8503E6CB2} = {62B72318-B26A-4E28-AF4C-0A82DA41B2A6}
		{311012C4-4D4C-4115-AD30-C46E7D13CE1A} = {45B7C098-CC84-4C92-8C8C-9E87C9AAA979}
		{3805A8E8-CFC0-4862-BD44-56AA11B11B08} = {45B7C098-CC84-4C92-8C8C-9E87C9AAA979}
		{00D3614A-7ECB-44AE-A218-1A7457CE7B25} = {F219DD3F-A4B3-4FE8-A276-492541D40C59}
	EndGlobalSection
EndGlobal
